
Microsoft Visual Studio Solution File, Format Version 12.00
# Visual Studio Version 16
VisualStudioVersion = 16.0.28917.181
MinimumVisualStudioVersion = 10.0.40219.1
Project("{9A19103F-16F7-4668-BE54-9A1E7A4F7556}") = "ExploreSolution.API", "Explore-SolutionAPI\ExploreSolution.API.csproj", "{548110F4-F18E-4581-97B2-9A682B59E169}"
EndProject
Project("{9A19103F-16F7-4668-BE54-9A1E7A4F7556}") = "Explore.DataAccess", "Explore.DataAccess\Explore.DataAccess.csproj", "{E940F2AE-9DAA-4B46-B709-362B330B7686}"
EndProject
Project("{9A19103F-16F7-4668-BE54-9A1E7A4F7556}") = "Explore.DataAccess.Abstraction", "Explore.DataAccess.Abstraction\Explore.DataAccess.Abstraction.csproj", "{23540169-94CF-4DBC-9CC8-6A24256BD00B}"
EndProject
Project("{9A19103F-16F7-4668-BE54-9A1E7A4F7556}") = "Explore.Services", "Explore.Services\Explore.Services.csproj", "{5FAD631F-0773-4998-A55D-2623A8659942}"
EndProject
Project("{FAE04EC0-301F-11D3-BF4B-00C04F79EFBC}") = "Explore.Dto.Abstraction", "Explore.Dto.Abstraction\Explore.Dto.Abstraction.csproj", "{BED6D6EC-E04E-4441-8357-1331B94C8A26}"
EndProject
Global
	GlobalSection(SolutionConfigurationPlatforms) = preSolution
		Debug|Any CPU = Debug|Any CPU
		Release|Any CPU = Release|Any CPU
	EndGlobalSection
	GlobalSection(ProjectConfigurationPlatforms) = postSolution
		{548110F4-F18E-4581-97B2-9A682B59E169}.Debug|Any CPU.ActiveCfg = Debug|Any CPU
		{548110F4-F18E-4581-97B2-9A682B59E169}.Debug|Any CPU.Build.0 = Debug|Any CPU
		{548110F4-F18E-4581-97B2-9A682B59E169}.Release|Any CPU.ActiveCfg = Release|Any CPU
		{548110F4-F18E-4581-97B2-9A682B59E169}.Release|Any CPU.Build.0 = Release|Any CPU
		{E940F2AE-9DAA-4B46-B709-362B330B7686}.Debug|Any CPU.ActiveCfg = Debug|Any CPU
		{E940F2AE-9DAA-4B46-B709-362B330B7686}.Debug|Any CPU.Build.0 = Debug|Any CPU
		{E940F2AE-9DAA-4B46-B709-362B330B7686}.Release|Any CPU.ActiveCfg = Release|Any CPU
		{E940F2AE-9DAA-4B46-B709-362B330B7686}.Release|Any CPU.Build.0 = Release|Any CPU
		{23540169-94CF-4DBC-9CC8-6A24256BD00B}.Debug|Any CPU.ActiveCfg = Debug|Any CPU
		{23540169-94CF-4DBC-9CC8-6A24256BD00B}.Debug|Any CPU.Build.0 = Debug|Any CPU
		{23540169-94CF-4DBC-9CC8-6A24256BD00B}.Release|Any CPU.ActiveCfg = Release|Any CPU
		{23540169-94CF-4DBC-9CC8-6A24256BD00B}.Release|Any CPU.Build.0 = Release|Any CPU
		{5FAD631F-0773-4998-A55D-2623A8659942}.Debug|Any CPU.ActiveCfg = Debug|Any CPU
		{5FAD631F-0773-4998-A55D-2623A8659942}.Debug|Any CPU.Build.0 = Debug|Any CPU
		{5FAD631F-0773-4998-A55D-2623A8659942}.Release|Any CPU.ActiveCfg = Release|Any CPU
		{5FAD631F-0773-4998-A55D-2623A8659942}.Release|Any CPU.Build.0 = Release|Any CPU
		{BED6D6EC-E04E-4441-8357-1331B94C8A26}.Debug|Any CPU.ActiveCfg = Debug|Any CPU
		{BED6D6EC-E04E-4441-8357-1331B94C8A26}.Debug|Any CPU.Build.0 = Debug|Any CPU
		{BED6D6EC-E04E-4441-8357-1331B94C8A26}.Release|Any CPU.ActiveCfg = Release|Any CPU
		{BED6D6EC-E04E-4441-8357-1331B94C8A26}.Release|Any CPU.Build.0 = Release|Any CPU
	EndGlobalSection
	GlobalSection(SolutionProperties) = preSolution
		HideSolutionNode = FALSE
	EndGlobalSection
	GlobalSection(ExtensibilityGlobals) = postSolution
		SolutionGuid = {1639409A-FE2E-498E-B45C-EEB08ED2BEFE}
	EndGlobalSection
EndGlobal
